
Microsoft Visual Studio Solution File, Format Version 12.00
# Visual Studio Version 16
VisualStudioVersion = 16.0.28803.352
MinimumVisualStudioVersion = 10.0.40219.1
Project("{2150E333-8FDC-42A3-9474-1A3956D46DE8}") = "Solution Items", "Solution Items", "{0DC8A1B5-B9B2-436D-A26C-D545E9C71503}"
EndProject
Project("{9A19103F-16F7-4668-BE54-9A1E7A4F7556}") = "yashgen", "yashgen\yashgen.csproj", "{86FA8B05-9B45-4AE8-A4D8-6E6F1A98083C}"
EndProject
Project("{9A19103F-16F7-4668-BE54-9A1E7A4F7556}") = "YashLib", "YashLib\YashLib.csproj", "{DA61D405-29F7-4FB0-910D-00E900B98B2F}"
EndProject
Global
	GlobalSection(SolutionConfigurationPlatforms) = preSolution
		Debug|Any CPU = Debug|Any CPU
		Linux|Any CPU = Linux|Any CPU
		Release|Any CPU = Release|Any CPU
	EndGlobalSection
	GlobalSection(ProjectConfigurationPlatforms) = postSolution
		{86FA8B05-9B45-4AE8-A4D8-6E6F1A98083C}.Debug|Any CPU.ActiveCfg = Debug|Any CPU
		{86FA8B05-9B45-4AE8-A4D8-6E6F1A98083C}.Debug|Any CPU.Build.0 = Debug|Any CPU
		{86FA8B05-9B45-4AE8-A4D8-6E6F1A98083C}.Linux|Any CPU.ActiveCfg = Linux|Any CPU
		{86FA8B05-9B45-4AE8-A4D8-6E6F1A98083C}.Linux|Any CPU.Build.0 = Linux|Any CPU
		{86FA8B05-9B45-4AE8-A4D8-6E6F1A98083C}.Release|Any CPU.ActiveCfg = Release|Any CPU
		{86FA8B05-9B45-4AE8-A4D8-6E6F1A98083C}.Release|Any CPU.Build.0 = Release|Any CPU
		{DA61D405-29F7-4FB0-910D-00E900B98B2F}.Debug|Any CPU.ActiveCfg = Debug|Any CPU
		{DA61D405-29F7-4FB0-910D-00E900B98B2F}.Debug|Any CPU.Build.0 = Debug|Any CPU
		{DA61D405-29F7-4FB0-910D-00E900B98B2F}.Linux|Any CPU.ActiveCfg = Linux|Any CPU
		{DA61D405-29F7-4FB0-910D-00E900B98B2F}.Linux|Any CPU.Build.0 = Linux|Any CPU
		{DA61D405-29F7-4FB0-910D-00E900B98B2F}.Release|Any CPU.ActiveCfg = Release|Any CPU
		{DA61D405-29F7-4FB0-910D-00E900B98B2F}.Release|Any CPU.Build.0 = Release|Any CPU
	EndGlobalSection
	GlobalSection(SolutionProperties) = preSolution
		HideSolutionNode = FALSE
	EndGlobalSection
	GlobalSection(ExtensibilityGlobals) = postSolution
		SolutionGuid = {FEDB9C9C-DB17-4BAA-B928-9E0FB18E7E0E}
	EndGlobalSection
EndGlobal
